
Microsoft Visual Studio Solution File, Format Version 12.00
# Visual Studio Version 17
VisualStudioVersion = 17.2.32616.157
MinimumVisualStudioVersion = 10.0.40219.1
Project("{9A19103F-16F7-4668-BE54-9A1E7A4F7556}") = "KomberNet.UI.API", "KomberNet.UI.API\KomberNet.UI.API.csproj", "{9BD3E977-8116-4585-AEE8-C829EC9F66EC}"
EndProject
Project("{2150E333-8FDC-42A3-9474-1A3956D46DE8}") = "1 - Backend", "1 - Backend", "{0779401A-1516-449A-AB88-DE08ECBD8ABF}"
EndProject
Project("{2150E333-8FDC-42A3-9474-1A3956D46DE8}") = "2 - WEB Frontend", "2 - WEB Frontend", "{EAA82963-8B3C-4646-A173-482C763D59D1}"
EndProject
Project("{2150E333-8FDC-42A3-9474-1A3956D46DE8}") = "1.3 - Infrastructure", "1.3 - Infrastructure", "{5C0CA9A4-BF75-4728-8706-51766A446509}"
EndProject
Project("{2150E333-8FDC-42A3-9474-1A3956D46DE8}") = "1.4 - UI", "1.4 - UI", "{D39028AD-34FE-4D33-9C8E-90112FBC23DB}"
EndProject
Project("{2150E333-8FDC-42A3-9474-1A3956D46DE8}") = "2.1 - Models", "2.1 - Models", "{9C5AEFF6-5FD7-4858-B7D7-47EB5A6F6DE9}"
EndProject
Project("{2150E333-8FDC-42A3-9474-1A3956D46DE8}") = "2.2 - APIClient", "2.2 - APIClient", "{61A397F2-A3A4-4970-9EFD-A5824B143757}"
EndProject
Project("{2150E333-8FDC-42A3-9474-1A3956D46DE8}") = "2.3 - User Interfaces", "2.3 - User Interfaces", "{20E56940-D116-4397-A60B-BEE4D4680D82}"
EndProject
Project("{2150E333-8FDC-42A3-9474-1A3956D46DE8}") = "Solution Items", "Solution Items", "{704625D9-EC46-4280-B085-9BEC22D5A1E5}"
	ProjectSection(SolutionItems) = preProject
		CodeGeneratorSchema.xsd = CodeGeneratorSchema.xsd
		CodeGeneratorSettingsSchema.xsd = CodeGeneratorSettingsSchema.xsd
		PermissionList.txt = PermissionList.txt
		Stylecop.json = Stylecop.json
	EndProjectSection
EndProject
Project("{9A19103F-16F7-4668-BE54-9A1E7A4F7556}") = "KomberNet.Infrastructure.DatabaseRepositories", "KomberNet.Infrastructure.DatabaseRepositories\KomberNet.Infrastructure.DatabaseRepositories.csproj", "{704C2D69-2604-4456-BEC2-4E21BDDCD008}"
EndProject
Project("{9A19103F-16F7-4668-BE54-9A1E7A4F7556}") = "KomberNet.Infrastructure.Emails", "KomberNet.Infrastructure.Emails\KomberNet.Infrastructure.Emails.csproj", "{53EA82C1-11F6-4B62-BFB8-F9FF079E5339}"
EndProject
Project("{9A19103F-16F7-4668-BE54-9A1E7A4F7556}") = "KomberNet.Infrastructure.NFe", "KomberNet.Infrastructure.NFe\KomberNet.Infrastructure.NFe.csproj", "{2DB73215-6F56-4DB7-AEAA-B3FEC4E14F15}"
EndProject
Project("{9A19103F-16F7-4668-BE54-9A1E7A4F7556}") = "KomberNet.UI.WEB.Models", "KomberNet.UI.WEB.Models\KomberNet.UI.WEB.Models.csproj", "{5F9C3860-5D64-4A0E-86A1-E520FE092903}"
EndProject
Project("{9A19103F-16F7-4668-BE54-9A1E7A4F7556}") = "KomberNet.UI.WEB.APIClient", "KomberNet.UI.WEB.APIClient\KomberNet.UI.WEB.APIClient.csproj", "{8FD18031-EE2A-4F26-8BF1-949271763231}"
EndProject
Project("{9A19103F-16F7-4668-BE54-9A1E7A4F7556}") = "KomberNet.UI.WEB.Framework", "KomberNet.UI.WEB.Framework\KomberNet.UI.WEB.Framework.csproj", "{074003DA-A0B4-4BB3-880D-608BB657E2D7}"
EndProject
Project("{9A19103F-16F7-4668-BE54-9A1E7A4F7556}") = "KomberNet.UI.WEB.Shared", "KomberNet.UI.WEB.Shared\KomberNet.UI.WEB.Shared.csproj", "{FFC3AAC5-DCE2-40C9-B968-D3750A9133B6}"
EndProject
Project("{9A19103F-16F7-4668-BE54-9A1E7A4F7556}") = "KomberNet.UI.WEB.Billing", "KomberNet.UI.WEB.Billing\KomberNet.UI.WEB.Billing.csproj", "{612296DC-5E1F-4484-A41D-9905BD22F826}"
EndProject
Project("{9A19103F-16F7-4668-BE54-9A1E7A4F7556}") = "KomberNet.UI.WEB.Inventory", "KomberNet.UI.WEB.Inventory\KomberNet.UI.WEB.Inventory.csproj", "{82D556BB-126D-4F61-A314-986782EB322D}"
EndProject
Project("{9A19103F-16F7-4668-BE54-9A1E7A4F7556}") = "KomberNet.UI.WEB.Purchasing", "KomberNet.UI.WEB.Purchasing\KomberNet.UI.WEB.Purchasing.csproj", "{43222276-1A14-40EE-9D40-6C901D3E856E}"
EndProject
Project("{9A19103F-16F7-4668-BE54-9A1E7A4F7556}") = "KomberNet.UI.WEB.Financial", "KomberNet.UI.WEB.Financial\KomberNet.UI.WEB.Financial.csproj", "{26182FE0-6940-478E-882E-98D0376EDC3D}"
EndProject
Project("{9A19103F-16F7-4668-BE54-9A1E7A4F7556}") = "KomberNet.UI.WEB.Manufacturing", "KomberNet.UI.WEB.Manufacturing\KomberNet.UI.WEB.Manufacturing.csproj", "{48606416-C46F-43EB-AD69-0E88EF14035A}"
EndProject
Project("{9A19103F-16F7-4668-BE54-9A1E7A4F7556}") = "KomberNet.UI.WEB.Models.Billing", "KomberNet.UI.WEB.Models.Billing\KomberNet.UI.WEB.Models.Billing.csproj", "{EA3F53BB-AD7A-4D15-A322-3B961397C2FC}"
EndProject
Project("{9A19103F-16F7-4668-BE54-9A1E7A4F7556}") = "KomberNet.UI.WEB.Models.Financial", "KomberNet.UI.WEB.Models.Financial\KomberNet.UI.WEB.Models.Financial.csproj", "{2C0361B9-5B2C-4BC8-B8CF-6F8EB4AEC1AB}"
EndProject
Project("{9A19103F-16F7-4668-BE54-9A1E7A4F7556}") = "KomberNet.UI.WEB.Models.Inventory", "KomberNet.UI.WEB.Models.Inventory\KomberNet.UI.WEB.Models.Inventory.csproj", "{20127980-70FF-4237-A1F6-5EAFDB362CE5}"
EndProject
Project("{9A19103F-16F7-4668-BE54-9A1E7A4F7556}") = "KomberNet.UI.WEB.Models.Manufacturing", "KomberNet.UI.WEB.Models.Manufacturing\KomberNet.UI.WEB.Models.Manufacturing.csproj", "{5C387133-D728-4D78-9E51-79C71DB9BF6D}"
EndProject
Project("{9A19103F-16F7-4668-BE54-9A1E7A4F7556}") = "KomberNet.UI.WEB.Models.Purchasing", "KomberNet.UI.WEB.Models.Purchasing\KomberNet.UI.WEB.Models.Purchasing.csproj", "{9EC5B1B1-ADD1-42B3-A9C6-7FE8A7ED1507}"
EndProject
Project("{2150E333-8FDC-42A3-9474-1A3956D46DE8}") = "0 - Shared", "0 - Shared", "{314D84A8-5DC6-40CC-BE00-89879838A590}"
EndProject
Project("{9A19103F-16F7-4668-BE54-9A1E7A4F7556}") = "KomberNet.Utils", "KomberNet.Utils\KomberNet.Utils.csproj", "{C100931E-ED24-49EE-95BF-459CFB39E023}"
EndProject
Project("{2150E333-8FDC-42A3-9474-1A3956D46DE8}") = "3 - Tests", "3 - Tests", "{51BE07B5-C82E-46DA-95A8-389F4ACD4BA8}"
EndProject
Project("{9A19103F-16F7-4668-BE54-9A1E7A4F7556}") = "KomberNet.Tests", "KomberNet.Tests\KomberNet.Tests.csproj", "{B74FBC5D-E9A3-409C-8A0F-40D62FD67A2E}"
EndProject
Project("{9A19103F-16F7-4668-BE54-9A1E7A4F7556}") = "KomberNet.UI.WEB.Tests", "KomberNet.UI.WEB.Tests\KomberNet.UI.WEB.Tests.csproj", "{A544390B-CFEE-471C-9E53-AF3BA88E24F4}"
EndProject
Project("{9A19103F-16F7-4668-BE54-9A1E7A4F7556}") = "KomberNet.Resources", "KomberNet.Resources\KomberNet.Resources.csproj", "{650039FD-30CA-435D-9B0F-8151C2B5F902}"
EndProject
Project("{9A19103F-16F7-4668-BE54-9A1E7A4F7556}") = "KomberNet.UI.WEB.Server", "KomberNet.UI.WEB\Server\KomberNet.UI.WEB.Server.csproj", "{810CFCF5-B13C-465A-9588-F8189DACDD72}"
EndProject
Project("{9A19103F-16F7-4668-BE54-9A1E7A4F7556}") = "KomberNet.UI.WEB.Client", "KomberNet.UI.WEB\Client\KomberNet.UI.WEB.Client.csproj", "{DC9B8D91-5DE6-4A8A-B362-BE53E16B6CF8}"
EndProject
Project("{2150E333-8FDC-42A3-9474-1A3956D46DE8}") = "2.3.1 - Client-Server", "2.3.1 - Client-Server", "{8C6923E7-5EAA-4106-8192-3C152B0F34F9}"
EndProject
Project("{2150E333-8FDC-42A3-9474-1A3956D46DE8}") = "1.1 - Models", "1.1 - Models", "{F1EBBB10-DE56-44ED-A21A-A6D58BE7F462}"
EndProject
Project("{2150E333-8FDC-42A3-9474-1A3956D46DE8}") = "1.2 - Services", "1.2 - Services", "{D59FCBA9-A498-412F-86D3-4F156DC84FE6}"
EndProject
Project("{9A19103F-16F7-4668-BE54-9A1E7A4F7556}") = "KomberNet.Services", "KomberNet.Services\KomberNet.Services.csproj", "{2939D413-C915-463B-9042-464EEC6273FD}"
EndProject
Project("{9A19103F-16F7-4668-BE54-9A1E7A4F7556}") = "KomberNet.Services.Billing", "KomberNet.Services.Billing\KomberNet.Services.Billing.csproj", "{0AE462B5-F631-4DAB-BD22-9D716C8BA53C}"
EndProject
Project("{9A19103F-16F7-4668-BE54-9A1E7A4F7556}") = "KomberNet.Services.Financial", "KomberNet.Services.Financial\KomberNet.Services.Financial.csproj", "{CF06D3BC-2522-4CDF-8287-60308727E6B1}"
EndProject
Project("{9A19103F-16F7-4668-BE54-9A1E7A4F7556}") = "KomberNet.Services.Inventory", "KomberNet.Services.Inventory\KomberNet.Services.Inventory.csproj", "{6F1FCA25-28DD-4655-BB96-CC7D81C5754A}"
EndProject
Project("{9A19103F-16F7-4668-BE54-9A1E7A4F7556}") = "KomberNet.Services.Manufacturing", "KomberNet.Services.Manufacturing\KomberNet.Services.Manufacturing.csproj", "{B673BB3D-7219-4F66-8AA0-B86EAD89F74B}"
EndProject
Project("{9A19103F-16F7-4668-BE54-9A1E7A4F7556}") = "KomberNet.Services.Purchasing", "KomberNet.Services.Purchasing\KomberNet.Services.Purchasing.csproj", "{168C9910-A2A7-4DD6-A99F-568D3D64BB06}"
EndProject
Project("{9A19103F-16F7-4668-BE54-9A1E7A4F7556}") = "KomberNet.Models", "KomberNet.Models\KomberNet.Models.csproj", "{F0074FA1-746B-4090-9485-D4A446776F4D}"
EndProject
Project("{9A19103F-16F7-4668-BE54-9A1E7A4F7556}") = "KomberNet.Models.Contracts", "KomberNet.Models.Contracts\KomberNet.Models.Contracts.csproj", "{0C8E11C6-A602-4F80-806A-3519AEE8E709}"
EndProject
Project("{9A19103F-16F7-4668-BE54-9A1E7A4F7556}") = "KomberNet.Models.Billing", "KomberNet.Models.Billing\KomberNet.Models.Billing.csproj", "{2E81572B-A417-42F4-B61A-4B27588C8F6B}"
EndProject
Project("{9A19103F-16F7-4668-BE54-9A1E7A4F7556}") = "KomberNet.Models.Financial", "KomberNet.Models.Financial\KomberNet.Models.Financial.csproj", "{3A4038BF-0E96-4002-97B3-CDC30AF13689}"
EndProject
Project("{9A19103F-16F7-4668-BE54-9A1E7A4F7556}") = "KomberNet.Models.Inventory", "KomberNet.Models.Inventory\KomberNet.Models.Inventory.csproj", "{EB6EF35F-0DF6-46E9-8407-51CD666B6D75}"
EndProject
Project("{9A19103F-16F7-4668-BE54-9A1E7A4F7556}") = "KomberNet.Models.Manufacturing", "KomberNet.Models.Manufacturing\KomberNet.Models.Manufacturing.csproj", "{CF7AEE5B-9C89-494C-81A9-FCB6B585669A}"
EndProject
Project("{9A19103F-16F7-4668-BE54-9A1E7A4F7556}") = "KomberNet.Models.Purchasing", "KomberNet.Models.Purchasing\KomberNet.Models.Purchasing.csproj", "{5F117097-50CF-434E-AE40-267E59B3A66E}"
EndProject
Project("{9A19103F-16F7-4668-BE54-9A1E7A4F7556}") = "KomberNet.Exceptions", "KomberNet.Exceptions\KomberNet.Exceptions.csproj", "{98A1F8BA-F302-4595-A93C-E4E2DD845028}"
EndProject
Project("{9A19103F-16F7-4668-BE54-9A1E7A4F7556}") = "KomberNet.Models.CodeGenerator", "KomberNet.Models.CodeGenerator\KomberNet.Models.CodeGenerator.csproj", "{46A704BF-B24C-477D-8705-202D304DF681}"
EndProject
Project("{9A19103F-16F7-4668-BE54-9A1E7A4F7556}") = "KomberNet.UI.WEB.APIClient.Billing", "KomberNet.UI.WEB.APIClient.Billing\KomberNet.UI.WEB.APIClient.Billing.csproj", "{520B828D-F42F-422F-A453-DFF050AD500E}"
EndProject
Project("{9A19103F-16F7-4668-BE54-9A1E7A4F7556}") = "KomberNet.UI.WEB.APIClient.Financial", "KomberNet.UI.WEB.APIClient.Financial\KomberNet.UI.WEB.APIClient.Financial.csproj", "{0C0BC289-2219-44A3-8886-895376C808ED}"
EndProject
Project("{9A19103F-16F7-4668-BE54-9A1E7A4F7556}") = "KomberNet.UI.WEB.APIClient.Inventory", "KomberNet.UI.WEB.APIClient.Inventory\KomberNet.UI.WEB.APIClient.Inventory.csproj", "{5D36E50E-A6E0-488E-983A-A92A0FE7A816}"
EndProject
Project("{9A19103F-16F7-4668-BE54-9A1E7A4F7556}") = "KomberNet.UI.WEB.APIClient.Manufacturing", "KomberNet.UI.WEB.APIClient.Manufacturing\KomberNet.UI.WEB.APIClient.Manufacturing.csproj", "{B8805298-F03D-4A20-969C-C40142BF2361}"
EndProject
Project("{9A19103F-16F7-4668-BE54-9A1E7A4F7556}") = "KomberNet.UI.WEB.APIClient.Purchasing", "KomberNet.UI.WEB.APIClient.Purchasing\KomberNet.UI.WEB.APIClient.Purchasing.csproj", "{360CB79F-EDFF-4DAA-B5A5-64F4F09D6D95}"
EndProject
Project("{9A19103F-16F7-4668-BE54-9A1E7A4F7556}") = "KomberNet.Backend.Tests", "KomberNet.Backend.Tests\KomberNet.Backend.Tests.csproj", "{C17A9B76-B1AA-49D9-AB4A-45EB9407F894}"
EndProject
Global
	GlobalSection(SolutionConfigurationPlatforms) = preSolution
		Debug|Any CPU = Debug|Any CPU
		Release|Any CPU = Release|Any CPU
	EndGlobalSection
	GlobalSection(ProjectConfigurationPlatforms) = postSolution
		{9BD3E977-8116-4585-AEE8-C829EC9F66EC}.Debug|Any CPU.ActiveCfg = Debug|Any CPU
		{9BD3E977-8116-4585-AEE8-C829EC9F66EC}.Debug|Any CPU.Build.0 = Debug|Any CPU
		{9BD3E977-8116-4585-AEE8-C829EC9F66EC}.Release|Any CPU.ActiveCfg = Release|Any CPU
		{9BD3E977-8116-4585-AEE8-C829EC9F66EC}.Release|Any CPU.Build.0 = Release|Any CPU
		{704C2D69-2604-4456-BEC2-4E21BDDCD008}.Debug|Any CPU.ActiveCfg = Debug|Any CPU
		{704C2D69-2604-4456-BEC2-4E21BDDCD008}.Debug|Any CPU.Build.0 = Debug|Any CPU
		{704C2D69-2604-4456-BEC2-4E21BDDCD008}.Release|Any CPU.ActiveCfg = Release|Any CPU
		{704C2D69-2604-4456-BEC2-4E21BDDCD008}.Release|Any CPU.Build.0 = Release|Any CPU
		{53EA82C1-11F6-4B62-BFB8-F9FF079E5339}.Debug|Any CPU.ActiveCfg = Debug|Any CPU
		{53EA82C1-11F6-4B62-BFB8-F9FF079E5339}.Debug|Any CPU.Build.0 = Debug|Any CPU
		{53EA82C1-11F6-4B62-BFB8-F9FF079E5339}.Release|Any CPU.ActiveCfg = Release|Any CPU
		{53EA82C1-11F6-4B62-BFB8-F9FF079E5339}.Release|Any CPU.Build.0 = Release|Any CPU
		{2DB73215-6F56-4DB7-AEAA-B3FEC4E14F15}.Debug|Any CPU.ActiveCfg = Debug|Any CPU
		{2DB73215-6F56-4DB7-AEAA-B3FEC4E14F15}.Debug|Any CPU.Build.0 = Debug|Any CPU
		{2DB73215-6F56-4DB7-AEAA-B3FEC4E14F15}.Release|Any CPU.ActiveCfg = Release|Any CPU
		{2DB73215-6F56-4DB7-AEAA-B3FEC4E14F15}.Release|Any CPU.Build.0 = Release|Any CPU
		{5F9C3860-5D64-4A0E-86A1-E520FE092903}.Debug|Any CPU.ActiveCfg = Debug|Any CPU
		{5F9C3860-5D64-4A0E-86A1-E520FE092903}.Debug|Any CPU.Build.0 = Debug|Any CPU
		{5F9C3860-5D64-4A0E-86A1-E520FE092903}.Release|Any CPU.ActiveCfg = Release|Any CPU
		{5F9C3860-5D64-4A0E-86A1-E520FE092903}.Release|Any CPU.Build.0 = Release|Any CPU
		{8FD18031-EE2A-4F26-8BF1-949271763231}.Debug|Any CPU.ActiveCfg = Debug|Any CPU
		{8FD18031-EE2A-4F26-8BF1-949271763231}.Debug|Any CPU.Build.0 = Debug|Any CPU
		{8FD18031-EE2A-4F26-8BF1-949271763231}.Release|Any CPU.ActiveCfg = Release|Any CPU
		{8FD18031-EE2A-4F26-8BF1-949271763231}.Release|Any CPU.Build.0 = Release|Any CPU
		{074003DA-A0B4-4BB3-880D-608BB657E2D7}.Debug|Any CPU.ActiveCfg = Debug|Any CPU
		{074003DA-A0B4-4BB3-880D-608BB657E2D7}.Debug|Any CPU.Build.0 = Debug|Any CPU
		{074003DA-A0B4-4BB3-880D-608BB657E2D7}.Release|Any CPU.ActiveCfg = Release|Any CPU
		{074003DA-A0B4-4BB3-880D-608BB657E2D7}.Release|Any CPU.Build.0 = Release|Any CPU
		{FFC3AAC5-DCE2-40C9-B968-D3750A9133B6}.Debug|Any CPU.ActiveCfg = Debug|Any CPU
		{FFC3AAC5-DCE2-40C9-B968-D3750A9133B6}.Debug|Any CPU.Build.0 = Debug|Any CPU
		{FFC3AAC5-DCE2-40C9-B968-D3750A9133B6}.Release|Any CPU.ActiveCfg = Release|Any CPU
		{FFC3AAC5-DCE2-40C9-B968-D3750A9133B6}.Release|Any CPU.Build.0 = Release|Any CPU
		{612296DC-5E1F-4484-A41D-9905BD22F826}.Debug|Any CPU.ActiveCfg = Debug|Any CPU
		{612296DC-5E1F-4484-A41D-9905BD22F826}.Debug|Any CPU.Build.0 = Debug|Any CPU
		{612296DC-5E1F-4484-A41D-9905BD22F826}.Release|Any CPU.ActiveCfg = Release|Any CPU
		{612296DC-5E1F-4484-A41D-9905BD22F826}.Release|Any CPU.Build.0 = Release|Any CPU
		{82D556BB-126D-4F61-A314-986782EB322D}.Debug|Any CPU.ActiveCfg = Debug|Any CPU
		{82D556BB-126D-4F61-A314-986782EB322D}.Debug|Any CPU.Build.0 = Debug|Any CPU
		{82D556BB-126D-4F61-A314-986782EB322D}.Release|Any CPU.ActiveCfg = Release|Any CPU
		{82D556BB-126D-4F61-A314-986782EB322D}.Release|Any CPU.Build.0 = Release|Any CPU
		{43222276-1A14-40EE-9D40-6C901D3E856E}.Debug|Any CPU.ActiveCfg = Debug|Any CPU
		{43222276-1A14-40EE-9D40-6C901D3E856E}.Debug|Any CPU.Build.0 = Debug|Any CPU
		{43222276-1A14-40EE-9D40-6C901D3E856E}.Release|Any CPU.ActiveCfg = Release|Any CPU
		{43222276-1A14-40EE-9D40-6C901D3E856E}.Release|Any CPU.Build.0 = Release|Any CPU
		{26182FE0-6940-478E-882E-98D0376EDC3D}.Debug|Any CPU.ActiveCfg = Debug|Any CPU
		{26182FE0-6940-478E-882E-98D0376EDC3D}.Debug|Any CPU.Build.0 = Debug|Any CPU
		{26182FE0-6940-478E-882E-98D0376EDC3D}.Release|Any CPU.ActiveCfg = Release|Any CPU
		{26182FE0-6940-478E-882E-98D0376EDC3D}.Release|Any CPU.Build.0 = Release|Any CPU
		{48606416-C46F-43EB-AD69-0E88EF14035A}.Debug|Any CPU.ActiveCfg = Debug|Any CPU
		{48606416-C46F-43EB-AD69-0E88EF14035A}.Debug|Any CPU.Build.0 = Debug|Any CPU
		{48606416-C46F-43EB-AD69-0E88EF14035A}.Release|Any CPU.ActiveCfg = Release|Any CPU
		{48606416-C46F-43EB-AD69-0E88EF14035A}.Release|Any CPU.Build.0 = Release|Any CPU
		{EA3F53BB-AD7A-4D15-A322-3B961397C2FC}.Debug|Any CPU.ActiveCfg = Debug|Any CPU
		{EA3F53BB-AD7A-4D15-A322-3B961397C2FC}.Debug|Any CPU.Build.0 = Debug|Any CPU
		{EA3F53BB-AD7A-4D15-A322-3B961397C2FC}.Release|Any CPU.ActiveCfg = Release|Any CPU
		{EA3F53BB-AD7A-4D15-A322-3B961397C2FC}.Release|Any CPU.Build.0 = Release|Any CPU
		{2C0361B9-5B2C-4BC8-B8CF-6F8EB4AEC1AB}.Debug|Any CPU.ActiveCfg = Debug|Any CPU
		{2C0361B9-5B2C-4BC8-B8CF-6F8EB4AEC1AB}.Debug|Any CPU.Build.0 = Debug|Any CPU
		{2C0361B9-5B2C-4BC8-B8CF-6F8EB4AEC1AB}.Release|Any CPU.ActiveCfg = Release|Any CPU
		{2C0361B9-5B2C-4BC8-B8CF-6F8EB4AEC1AB}.Release|Any CPU.Build.0 = Release|Any CPU
		{20127980-70FF-4237-A1F6-5EAFDB362CE5}.Debug|Any CPU.ActiveCfg = Debug|Any CPU
		{20127980-70FF-4237-A1F6-5EAFDB362CE5}.Debug|Any CPU.Build.0 = Debug|Any CPU
		{20127980-70FF-4237-A1F6-5EAFDB362CE5}.Release|Any CPU.ActiveCfg = Release|Any CPU
		{20127980-70FF-4237-A1F6-5EAFDB362CE5}.Release|Any CPU.Build.0 = Release|Any CPU
		{5C387133-D728-4D78-9E51-79C71DB9BF6D}.Debug|Any CPU.ActiveCfg = Debug|Any CPU
		{5C387133-D728-4D78-9E51-79C71DB9BF6D}.Debug|Any CPU.Build.0 = Debug|Any CPU
		{5C387133-D728-4D78-9E51-79C71DB9BF6D}.Release|Any CPU.ActiveCfg = Release|Any CPU
		{5C387133-D728-4D78-9E51-79C71DB9BF6D}.Release|Any CPU.Build.0 = Release|Any CPU
		{9EC5B1B1-ADD1-42B3-A9C6-7FE8A7ED1507}.Debug|Any CPU.ActiveCfg = Debug|Any CPU
		{9EC5B1B1-ADD1-42B3-A9C6-7FE8A7ED1507}.Debug|Any CPU.Build.0 = Debug|Any CPU
		{9EC5B1B1-ADD1-42B3-A9C6-7FE8A7ED1507}.Release|Any CPU.ActiveCfg = Release|Any CPU
		{9EC5B1B1-ADD1-42B3-A9C6-7FE8A7ED1507}.Release|Any CPU.Build.0 = Release|Any CPU
		{C100931E-ED24-49EE-95BF-459CFB39E023}.Debug|Any CPU.ActiveCfg = Debug|Any CPU
		{C100931E-ED24-49EE-95BF-459CFB39E023}.Debug|Any CPU.Build.0 = Debug|Any CPU
		{C100931E-ED24-49EE-95BF-459CFB39E023}.Release|Any CPU.ActiveCfg = Release|Any CPU
		{C100931E-ED24-49EE-95BF-459CFB39E023}.Release|Any CPU.Build.0 = Release|Any CPU
		{B74FBC5D-E9A3-409C-8A0F-40D62FD67A2E}.Debug|Any CPU.ActiveCfg = Debug|Any CPU
		{B74FBC5D-E9A3-409C-8A0F-40D62FD67A2E}.Debug|Any CPU.Build.0 = Debug|Any CPU
		{B74FBC5D-E9A3-409C-8A0F-40D62FD67A2E}.Release|Any CPU.ActiveCfg = Release|Any CPU
		{B74FBC5D-E9A3-409C-8A0F-40D62FD67A2E}.Release|Any CPU.Build.0 = Release|Any CPU
		{A544390B-CFEE-471C-9E53-AF3BA88E24F4}.Debug|Any CPU.ActiveCfg = Debug|Any CPU
		{A544390B-CFEE-471C-9E53-AF3BA88E24F4}.Debug|Any CPU.Build.0 = Debug|Any CPU
		{A544390B-CFEE-471C-9E53-AF3BA88E24F4}.Release|Any CPU.ActiveCfg = Release|Any CPU
		{A544390B-CFEE-471C-9E53-AF3BA88E24F4}.Release|Any CPU.Build.0 = Release|Any CPU
		{650039FD-30CA-435D-9B0F-8151C2B5F902}.Debug|Any CPU.ActiveCfg = Debug|Any CPU
		{650039FD-30CA-435D-9B0F-8151C2B5F902}.Debug|Any CPU.Build.0 = Debug|Any CPU
		{650039FD-30CA-435D-9B0F-8151C2B5F902}.Release|Any CPU.ActiveCfg = Release|Any CPU
		{650039FD-30CA-435D-9B0F-8151C2B5F902}.Release|Any CPU.Build.0 = Release|Any CPU
		{810CFCF5-B13C-465A-9588-F8189DACDD72}.Debug|Any CPU.ActiveCfg = Debug|Any CPU
		{810CFCF5-B13C-465A-9588-F8189DACDD72}.Debug|Any CPU.Build.0 = Debug|Any CPU
		{810CFCF5-B13C-465A-9588-F8189DACDD72}.Release|Any CPU.ActiveCfg = Release|Any CPU
		{810CFCF5-B13C-465A-9588-F8189DACDD72}.Release|Any CPU.Build.0 = Release|Any CPU
		{DC9B8D91-5DE6-4A8A-B362-BE53E16B6CF8}.Debug|Any CPU.ActiveCfg = Debug|Any CPU
		{DC9B8D91-5DE6-4A8A-B362-BE53E16B6CF8}.Debug|Any CPU.Build.0 = Debug|Any CPU
		{DC9B8D91-5DE6-4A8A-B362-BE53E16B6CF8}.Release|Any CPU.ActiveCfg = Release|Any CPU
		{DC9B8D91-5DE6-4A8A-B362-BE53E16B6CF8}.Release|Any CPU.Build.0 = Release|Any CPU
		{2939D413-C915-463B-9042-464EEC6273FD}.Debug|Any CPU.ActiveCfg = Debug|Any CPU
		{2939D413-C915-463B-9042-464EEC6273FD}.Debug|Any CPU.Build.0 = Debug|Any CPU
		{2939D413-C915-463B-9042-464EEC6273FD}.Release|Any CPU.ActiveCfg = Release|Any CPU
		{2939D413-C915-463B-9042-464EEC6273FD}.Release|Any CPU.Build.0 = Release|Any CPU
		{0AE462B5-F631-4DAB-BD22-9D716C8BA53C}.Debug|Any CPU.ActiveCfg = Debug|Any CPU
		{0AE462B5-F631-4DAB-BD22-9D716C8BA53C}.Debug|Any CPU.Build.0 = Debug|Any CPU
		{0AE462B5-F631-4DAB-BD22-9D716C8BA53C}.Release|Any CPU.ActiveCfg = Release|Any CPU
		{0AE462B5-F631-4DAB-BD22-9D716C8BA53C}.Release|Any CPU.Build.0 = Release|Any CPU
		{CF06D3BC-2522-4CDF-8287-60308727E6B1}.Debug|Any CPU.ActiveCfg = Debug|Any CPU
		{CF06D3BC-2522-4CDF-8287-60308727E6B1}.Debug|Any CPU.Build.0 = Debug|Any CPU
		{CF06D3BC-2522-4CDF-8287-60308727E6B1}.Release|Any CPU.ActiveCfg = Release|Any CPU
		{CF06D3BC-2522-4CDF-8287-60308727E6B1}.Release|Any CPU.Build.0 = Release|Any CPU
		{6F1FCA25-28DD-4655-BB96-CC7D81C5754A}.Debug|Any CPU.ActiveCfg = Debug|Any CPU
		{6F1FCA25-28DD-4655-BB96-CC7D81C5754A}.Debug|Any CPU.Build.0 = Debug|Any CPU
		{6F1FCA25-28DD-4655-BB96-CC7D81C5754A}.Release|Any CPU.ActiveCfg = Release|Any CPU
		{6F1FCA25-28DD-4655-BB96-CC7D81C5754A}.Release|Any CPU.Build.0 = Release|Any CPU
		{B673BB3D-7219-4F66-8AA0-B86EAD89F74B}.Debug|Any CPU.ActiveCfg = Debug|Any CPU
		{B673BB3D-7219-4F66-8AA0-B86EAD89F74B}.Debug|Any CPU.Build.0 = Debug|Any CPU
		{B673BB3D-7219-4F66-8AA0-B86EAD89F74B}.Release|Any CPU.ActiveCfg = Release|Any CPU
		{B673BB3D-7219-4F66-8AA0-B86EAD89F74B}.Release|Any CPU.Build.0 = Release|Any CPU
		{168C9910-A2A7-4DD6-A99F-568D3D64BB06}.Debug|Any CPU.ActiveCfg = Debug|Any CPU
		{168C9910-A2A7-4DD6-A99F-568D3D64BB06}.Debug|Any CPU.Build.0 = Debug|Any CPU
		{168C9910-A2A7-4DD6-A99F-568D3D64BB06}.Release|Any CPU.ActiveCfg = Release|Any CPU
		{168C9910-A2A7-4DD6-A99F-568D3D64BB06}.Release|Any CPU.Build.0 = Release|Any CPU
		{F0074FA1-746B-4090-9485-D4A446776F4D}.Debug|Any CPU.ActiveCfg = Debug|Any CPU
		{F0074FA1-746B-4090-9485-D4A446776F4D}.Debug|Any CPU.Build.0 = Debug|Any CPU
		{F0074FA1-746B-4090-9485-D4A446776F4D}.Release|Any CPU.ActiveCfg = Release|Any CPU
		{F0074FA1-746B-4090-9485-D4A446776F4D}.Release|Any CPU.Build.0 = Release|Any CPU
		{0C8E11C6-A602-4F80-806A-3519AEE8E709}.Debug|Any CPU.ActiveCfg = Debug|Any CPU
		{0C8E11C6-A602-4F80-806A-3519AEE8E709}.Debug|Any CPU.Build.0 = Debug|Any CPU
		{0C8E11C6-A602-4F80-806A-3519AEE8E709}.Release|Any CPU.ActiveCfg = Release|Any CPU
		{0C8E11C6-A602-4F80-806A-3519AEE8E709}.Release|Any CPU.Build.0 = Release|Any CPU
		{2E81572B-A417-42F4-B61A-4B27588C8F6B}.Debug|Any CPU.ActiveCfg = Debug|Any CPU
		{2E81572B-A417-42F4-B61A-4B27588C8F6B}.Debug|Any CPU.Build.0 = Debug|Any CPU
		{2E81572B-A417-42F4-B61A-4B27588C8F6B}.Release|Any CPU.ActiveCfg = Release|Any CPU
		{2E81572B-A417-42F4-B61A-4B27588C8F6B}.Release|Any CPU.Build.0 = Release|Any CPU
		{3A4038BF-0E96-4002-97B3-CDC30AF13689}.Debug|Any CPU.ActiveCfg = Debug|Any CPU
		{3A4038BF-0E96-4002-97B3-CDC30AF13689}.Debug|Any CPU.Build.0 = Debug|Any CPU
		{3A4038BF-0E96-4002-97B3-CDC30AF13689}.Release|Any CPU.ActiveCfg = Release|Any CPU
		{3A4038BF-0E96-4002-97B3-CDC30AF13689}.Release|Any CPU.Build.0 = Release|Any CPU
		{EB6EF35F-0DF6-46E9-8407-51CD666B6D75}.Debug|Any CPU.ActiveCfg = Debug|Any CPU
		{EB6EF35F-0DF6-46E9-8407-51CD666B6D75}.Debug|Any CPU.Build.0 = Debug|Any CPU
		{EB6EF35F-0DF6-46E9-8407-51CD666B6D75}.Release|Any CPU.ActiveCfg = Release|Any CPU
		{EB6EF35F-0DF6-46E9-8407-51CD666B6D75}.Release|Any CPU.Build.0 = Release|Any CPU
		{CF7AEE5B-9C89-494C-81A9-FCB6B585669A}.Debug|Any CPU.ActiveCfg = Debug|Any CPU
		{CF7AEE5B-9C89-494C-81A9-FCB6B585669A}.Debug|Any CPU.Build.0 = Debug|Any CPU
		{CF7AEE5B-9C89-494C-81A9-FCB6B585669A}.Release|Any CPU.ActiveCfg = Release|Any CPU
		{CF7AEE5B-9C89-494C-81A9-FCB6B585669A}.Release|Any CPU.Build.0 = Release|Any CPU
		{5F117097-50CF-434E-AE40-267E59B3A66E}.Debug|Any CPU.ActiveCfg = Debug|Any CPU
		{5F117097-50CF-434E-AE40-267E59B3A66E}.Debug|Any CPU.Build.0 = Debug|Any CPU
		{5F117097-50CF-434E-AE40-267E59B3A66E}.Release|Any CPU.ActiveCfg = Release|Any CPU
		{5F117097-50CF-434E-AE40-267E59B3A66E}.Release|Any CPU.Build.0 = Release|Any CPU
		{98A1F8BA-F302-4595-A93C-E4E2DD845028}.Debug|Any CPU.ActiveCfg = Debug|Any CPU
		{98A1F8BA-F302-4595-A93C-E4E2DD845028}.Debug|Any CPU.Build.0 = Debug|Any CPU
		{98A1F8BA-F302-4595-A93C-E4E2DD845028}.Release|Any CPU.ActiveCfg = Release|Any CPU
		{98A1F8BA-F302-4595-A93C-E4E2DD845028}.Release|Any CPU.Build.0 = Release|Any CPU
		{46A704BF-B24C-477D-8705-202D304DF681}.Debug|Any CPU.ActiveCfg = Debug|Any CPU
		{46A704BF-B24C-477D-8705-202D304DF681}.Debug|Any CPU.Build.0 = Debug|Any CPU
		{46A704BF-B24C-477D-8705-202D304DF681}.Release|Any CPU.ActiveCfg = Release|Any CPU
		{46A704BF-B24C-477D-8705-202D304DF681}.Release|Any CPU.Build.0 = Release|Any CPU
		{520B828D-F42F-422F-A453-DFF050AD500E}.Debug|Any CPU.ActiveCfg = Debug|Any CPU
		{520B828D-F42F-422F-A453-DFF050AD500E}.Debug|Any CPU.Build.0 = Debug|Any CPU
		{520B828D-F42F-422F-A453-DFF050AD500E}.Release|Any CPU.ActiveCfg = Release|Any CPU
		{520B828D-F42F-422F-A453-DFF050AD500E}.Release|Any CPU.Build.0 = Release|Any CPU
		{0C0BC289-2219-44A3-8886-895376C808ED}.Debug|Any CPU.ActiveCfg = Debug|Any CPU
		{0C0BC289-2219-44A3-8886-895376C808ED}.Debug|Any CPU.Build.0 = Debug|Any CPU
		{0C0BC289-2219-44A3-8886-895376C808ED}.Release|Any CPU.ActiveCfg = Release|Any CPU
		{0C0BC289-2219-44A3-8886-895376C808ED}.Release|Any CPU.Build.0 = Release|Any CPU
		{5D36E50E-A6E0-488E-983A-A92A0FE7A816}.Debug|Any CPU.ActiveCfg = Debug|Any CPU
		{5D36E50E-A6E0-488E-983A-A92A0FE7A816}.Debug|Any CPU.Build.0 = Debug|Any CPU
		{5D36E50E-A6E0-488E-983A-A92A0FE7A816}.Release|Any CPU.ActiveCfg = Release|Any CPU
		{5D36E50E-A6E0-488E-983A-A92A0FE7A816}.Release|Any CPU.Build.0 = Release|Any CPU
		{B8805298-F03D-4A20-969C-C40142BF2361}.Debug|Any CPU.ActiveCfg = Debug|Any CPU
		{B8805298-F03D-4A20-969C-C40142BF2361}.Debug|Any CPU.Build.0 = Debug|Any CPU
		{B8805298-F03D-4A20-969C-C40142BF2361}.Release|Any CPU.ActiveCfg = Release|Any CPU
		{B8805298-F03D-4A20-969C-C40142BF2361}.Release|Any CPU.Build.0 = Release|Any CPU
		{360CB79F-EDFF-4DAA-B5A5-64F4F09D6D95}.Debug|Any CPU.ActiveCfg = Debug|Any CPU
		{360CB79F-EDFF-4DAA-B5A5-64F4F09D6D95}.Debug|Any CPU.Build.0 = Debug|Any CPU
		{360CB79F-EDFF-4DAA-B5A5-64F4F09D6D95}.Release|Any CPU.ActiveCfg = Release|Any CPU
		{360CB79F-EDFF-4DAA-B5A5-64F4F09D6D95}.Release|Any CPU.Build.0 = Release|Any CPU
		{C17A9B76-B1AA-49D9-AB4A-45EB9407F894}.Debug|Any CPU.ActiveCfg = Debug|Any CPU
		{C17A9B76-B1AA-49D9-AB4A-45EB9407F894}.Debug|Any CPU.Build.0 = Debug|Any CPU
		{C17A9B76-B1AA-49D9-AB4A-45EB9407F894}.Release|Any CPU.ActiveCfg = Release|Any CPU
		{C17A9B76-B1AA-49D9-AB4A-45EB9407F894}.Release|Any CPU.Build.0 = Release|Any CPU
	EndGlobalSection
	GlobalSection(SolutionProperties) = preSolution
		HideSolutionNode = FALSE
	EndGlobalSection
	GlobalSection(NestedProjects) = preSolution
		{9BD3E977-8116-4585-AEE8-C829EC9F66EC} = {D39028AD-34FE-4D33-9C8E-90112FBC23DB}
		{5C0CA9A4-BF75-4728-8706-51766A446509} = {0779401A-1516-449A-AB88-DE08ECBD8ABF}
		{D39028AD-34FE-4D33-9C8E-90112FBC23DB} = {0779401A-1516-449A-AB88-DE08ECBD8ABF}
		{9C5AEFF6-5FD7-4858-B7D7-47EB5A6F6DE9} = {EAA82963-8B3C-4646-A173-482C763D59D1}
		{61A397F2-A3A4-4970-9EFD-A5824B143757} = {EAA82963-8B3C-4646-A173-482C763D59D1}
		{20E56940-D116-4397-A60B-BEE4D4680D82} = {EAA82963-8B3C-4646-A173-482C763D59D1}
		{704C2D69-2604-4456-BEC2-4E21BDDCD008} = {5C0CA9A4-BF75-4728-8706-51766A446509}
		{53EA82C1-11F6-4B62-BFB8-F9FF079E5339} = {5C0CA9A4-BF75-4728-8706-51766A446509}
		{2DB73215-6F56-4DB7-AEAA-B3FEC4E14F15} = {5C0CA9A4-BF75-4728-8706-51766A446509}
		{5F9C3860-5D64-4A0E-86A1-E520FE092903} = {9C5AEFF6-5FD7-4858-B7D7-47EB5A6F6DE9}
		{8FD18031-EE2A-4F26-8BF1-949271763231} = {61A397F2-A3A4-4970-9EFD-A5824B143757}
		{074003DA-A0B4-4BB3-880D-608BB657E2D7} = {20E56940-D116-4397-A60B-BEE4D4680D82}
		{FFC3AAC5-DCE2-40C9-B968-D3750A9133B6} = {20E56940-D116-4397-A60B-BEE4D4680D82}
		{612296DC-5E1F-4484-A41D-9905BD22F826} = {20E56940-D116-4397-A60B-BEE4D4680D82}
		{82D556BB-126D-4F61-A314-986782EB322D} = {20E56940-D116-4397-A60B-BEE4D4680D82}
		{43222276-1A14-40EE-9D40-6C901D3E856E} = {20E56940-D116-4397-A60B-BEE4D4680D82}
		{26182FE0-6940-478E-882E-98D0376EDC3D} = {20E56940-D116-4397-A60B-BEE4D4680D82}
		{48606416-C46F-43EB-AD69-0E88EF14035A} = {20E56940-D116-4397-A60B-BEE4D4680D82}
		{EA3F53BB-AD7A-4D15-A322-3B961397C2FC} = {9C5AEFF6-5FD7-4858-B7D7-47EB5A6F6DE9}
		{2C0361B9-5B2C-4BC8-B8CF-6F8EB4AEC1AB} = {9C5AEFF6-5FD7-4858-B7D7-47EB5A6F6DE9}
		{20127980-70FF-4237-A1F6-5EAFDB362CE5} = {9C5AEFF6-5FD7-4858-B7D7-47EB5A6F6DE9}
		{5C387133-D728-4D78-9E51-79C71DB9BF6D} = {9C5AEFF6-5FD7-4858-B7D7-47EB5A6F6DE9}
		{9EC5B1B1-ADD1-42B3-A9C6-7FE8A7ED1507} = {9C5AEFF6-5FD7-4858-B7D7-47EB5A6F6DE9}
		{C100931E-ED24-49EE-95BF-459CFB39E023} = {314D84A8-5DC6-40CC-BE00-89879838A590}
		{B74FBC5D-E9A3-409C-8A0F-40D62FD67A2E} = {51BE07B5-C82E-46DA-95A8-389F4ACD4BA8}
		{A544390B-CFEE-471C-9E53-AF3BA88E24F4} = {51BE07B5-C82E-46DA-95A8-389F4ACD4BA8}
		{650039FD-30CA-435D-9B0F-8151C2B5F902} = {314D84A8-5DC6-40CC-BE00-89879838A590}
		{810CFCF5-B13C-465A-9588-F8189DACDD72} = {8C6923E7-5EAA-4106-8192-3C152B0F34F9}
		{DC9B8D91-5DE6-4A8A-B362-BE53E16B6CF8} = {8C6923E7-5EAA-4106-8192-3C152B0F34F9}
		{8C6923E7-5EAA-4106-8192-3C152B0F34F9} = {20E56940-D116-4397-A60B-BEE4D4680D82}
		{F1EBBB10-DE56-44ED-A21A-A6D58BE7F462} = {0779401A-1516-449A-AB88-DE08ECBD8ABF}
		{D59FCBA9-A498-412F-86D3-4F156DC84FE6} = {0779401A-1516-449A-AB88-DE08ECBD8ABF}
		{2939D413-C915-463B-9042-464EEC6273FD} = {D59FCBA9-A498-412F-86D3-4F156DC84FE6}
		{0AE462B5-F631-4DAB-BD22-9D716C8BA53C} = {D59FCBA9-A498-412F-86D3-4F156DC84FE6}
		{CF06D3BC-2522-4CDF-8287-60308727E6B1} = {D59FCBA9-A498-412F-86D3-4F156DC84FE6}
		{6F1FCA25-28DD-4655-BB96-CC7D81C5754A} = {D59FCBA9-A498-412F-86D3-4F156DC84FE6}
		{B673BB3D-7219-4F66-8AA0-B86EAD89F74B} = {D59FCBA9-A498-412F-86D3-4F156DC84FE6}
		{168C9910-A2A7-4DD6-A99F-568D3D64BB06} = {D59FCBA9-A498-412F-86D3-4F156DC84FE6}
		{F0074FA1-746B-4090-9485-D4A446776F4D} = {F1EBBB10-DE56-44ED-A21A-A6D58BE7F462}
		{0C8E11C6-A602-4F80-806A-3519AEE8E709} = {314D84A8-5DC6-40CC-BE00-89879838A590}
		{2E81572B-A417-42F4-B61A-4B27588C8F6B} = {F1EBBB10-DE56-44ED-A21A-A6D58BE7F462}
		{3A4038BF-0E96-4002-97B3-CDC30AF13689} = {F1EBBB10-DE56-44ED-A21A-A6D58BE7F462}
		{EB6EF35F-0DF6-46E9-8407-51CD666B6D75} = {F1EBBB10-DE56-44ED-A21A-A6D58BE7F462}
		{CF7AEE5B-9C89-494C-81A9-FCB6B585669A} = {F1EBBB10-DE56-44ED-A21A-A6D58BE7F462}
		{5F117097-50CF-434E-AE40-267E59B3A66E} = {F1EBBB10-DE56-44ED-A21A-A6D58BE7F462}
		{98A1F8BA-F302-4595-A93C-E4E2DD845028} = {314D84A8-5DC6-40CC-BE00-89879838A590}
		{46A704BF-B24C-477D-8705-202D304DF681} = {314D84A8-5DC6-40CC-BE00-89879838A590}
		{520B828D-F42F-422F-A453-DFF050AD500E} = {61A397F2-A3A4-4970-9EFD-A5824B143757}
		{0C0BC289-2219-44A3-8886-895376C808ED} = {61A397F2-A3A4-4970-9EFD-A5824B143757}
		{5D36E50E-A6E0-488E-983A-A92A0FE7A816} = {61A397F2-A3A4-4970-9EFD-A5824B143757}
		{B8805298-F03D-4A20-969C-C40142BF2361} = {61A397F2-A3A4-4970-9EFD-A5824B143757}
		{360CB79F-EDFF-4DAA-B5A5-64F4F09D6D95} = {61A397F2-A3A4-4970-9EFD-A5824B143757}
		{C17A9B76-B1AA-49D9-AB4A-45EB9407F894} = {51BE07B5-C82E-46DA-95A8-389F4ACD4BA8}
	EndGlobalSection
	GlobalSection(ExtensibilityGlobals) = postSolution
		SolutionGuid = {68D21158-6439-4CDE-BD3B-B4197FFCBE19}
	EndGlobalSection
EndGlobal
